
Microsoft Visual Studio Solution File, Format Version 12.00
# Visual Studio 15
VisualStudioVersion = 15.0.28307.329
MinimumVisualStudioVersion = 10.0.40219.1
Project("{FAE04EC0-301F-11D3-BF4B-00C04F79EFBC}") = "EMPLOYEE", "EMPLOYEE\EMPLOYEE.csproj", "{11EDEAD1-1FFB-4050-B2AC-6A4BCF0E29DB}"
EndProject
Global
	GlobalSection(SolutionConfigurationPlatforms) = preSolution
		Debug|Any CPU = Debug|Any CPU
		Release|Any CPU = Release|Any CPU
	EndGlobalSection
	GlobalSection(ProjectConfigurationPlatforms) = postSolution
		{11EDEAD1-1FFB-4050-B2AC-6A4BCF0E29DB}.Debug|Any CPU.ActiveCfg = Debug|Any CPU
		{11EDEAD1-1FFB-4050-B2AC-6A4BCF0E29DB}.Debug|Any CPU.Build.0 = Debug|Any CPU
		{11EDEAD1-1FFB-4050-B2AC-6A4BCF0E29DB}.Release|Any CPU.ActiveCfg = Release|Any CPU
		{11EDEAD1-1FFB-4050-B2AC-6A4BCF0E29DB}.Release|Any CPU.Build.0 = Release|Any CPU
	EndGlobalSection
	GlobalSection(SolutionProperties) = preSolution
		HideSolutionNode = FALSE
	EndGlobalSection
	GlobalSection(ExtensibilityGlobals) = postSolution
		SolutionGuid = {53F0D00B-67CE-4E02-9C1B-9F266393C0A0}
	EndGlobalSection
EndGlobal
