
Microsoft Visual Studio Solution File, Format Version 12.00
# Visual Studio 15
VisualStudioVersion = 15.0.28307.705
MinimumVisualStudioVersion = 10.0.40219.1
Project("{FAE04EC0-301F-11D3-BF4B-00C04F79EFBC}") = "3.3. DYNAMIC ARRAY", "3.3. DYNAMIC ARRAY\3.3. DYNAMIC ARRAY.csproj", "{F16C607E-C1CD-462F-8B59-ADE8A515A87B}"
EndProject
Global
	GlobalSection(SolutionConfigurationPlatforms) = preSolution
		Debug|Any CPU = Debug|Any CPU
		Release|Any CPU = Release|Any CPU
	EndGlobalSection
	GlobalSection(ProjectConfigurationPlatforms) = postSolution
		{F16C607E-C1CD-462F-8B59-ADE8A515A87B}.Debug|Any CPU.ActiveCfg = Debug|Any CPU
		{F16C607E-C1CD-462F-8B59-ADE8A515A87B}.Debug|Any CPU.Build.0 = Debug|Any CPU
		{F16C607E-C1CD-462F-8B59-ADE8A515A87B}.Release|Any CPU.ActiveCfg = Release|Any CPU
		{F16C607E-C1CD-462F-8B59-ADE8A515A87B}.Release|Any CPU.Build.0 = Release|Any CPU
	EndGlobalSection
	GlobalSection(SolutionProperties) = preSolution
		HideSolutionNode = FALSE
	EndGlobalSection
	GlobalSection(ExtensibilityGlobals) = postSolution
		SolutionGuid = {5BF62A55-042F-4997-95B3-C0666AFED3BC}
	EndGlobalSection
EndGlobal
