
Microsoft Visual Studio Solution File, Format Version 12.00
# Visual Studio 15
VisualStudioVersion = 15.0.28307.329
MinimumVisualStudioVersion = 10.0.40219.1
Project("{FAE04EC0-301F-11D3-BF4B-00C04F79EFBC}") = "1.4.X_MAS_TREE", "1.4.X_MAS_TREE\1.4.X_MAS_TREE.csproj", "{F49A872A-CC05-477B-9395-AE47A4D5A39D}"
EndProject
Global
	GlobalSection(SolutionConfigurationPlatforms) = preSolution
		Debug|Any CPU = Debug|Any CPU
		Release|Any CPU = Release|Any CPU
	EndGlobalSection
	GlobalSection(ProjectConfigurationPlatforms) = postSolution
		{F49A872A-CC05-477B-9395-AE47A4D5A39D}.Debug|Any CPU.ActiveCfg = Debug|Any CPU
		{F49A872A-CC05-477B-9395-AE47A4D5A39D}.Debug|Any CPU.Build.0 = Debug|Any CPU
		{F49A872A-CC05-477B-9395-AE47A4D5A39D}.Release|Any CPU.ActiveCfg = Release|Any CPU
		{F49A872A-CC05-477B-9395-AE47A4D5A39D}.Release|Any CPU.Build.0 = Release|Any CPU
	EndGlobalSection
	GlobalSection(SolutionProperties) = preSolution
		HideSolutionNode = FALSE
	EndGlobalSection
	GlobalSection(ExtensibilityGlobals) = postSolution
		SolutionGuid = {48513138-4966-452D-B5ED-FC6285CD304E}
	EndGlobalSection
EndGlobal
