
Microsoft Visual Studio Solution File, Format Version 12.00
# Visual Studio 15
VisualStudioVersion = 15.0.28307.329
MinimumVisualStudioVersion = 10.0.40219.1
Project("{FAE04EC0-301F-11D3-BF4B-00C04F79EFBC}") = "2_6_Ring", "2_6_Ring\2_6_Ring.csproj", "{F90DFD89-ED97-4BC6-9DEA-CFB6EF658EE2}"
EndProject
Global
	GlobalSection(SolutionConfigurationPlatforms) = preSolution
		Debug|Any CPU = Debug|Any CPU
		Release|Any CPU = Release|Any CPU
	EndGlobalSection
	GlobalSection(ProjectConfigurationPlatforms) = postSolution
		{F90DFD89-ED97-4BC6-9DEA-CFB6EF658EE2}.Debug|Any CPU.ActiveCfg = Debug|Any CPU
		{F90DFD89-ED97-4BC6-9DEA-CFB6EF658EE2}.Debug|Any CPU.Build.0 = Debug|Any CPU
		{F90DFD89-ED97-4BC6-9DEA-CFB6EF658EE2}.Release|Any CPU.ActiveCfg = Release|Any CPU
		{F90DFD89-ED97-4BC6-9DEA-CFB6EF658EE2}.Release|Any CPU.Build.0 = Release|Any CPU
	EndGlobalSection
	GlobalSection(SolutionProperties) = preSolution
		HideSolutionNode = FALSE
	EndGlobalSection
	GlobalSection(ExtensibilityGlobals) = postSolution
		SolutionGuid = {7F24DE34-1BE3-4274-BBEA-CBF24A921FAD}
	EndGlobalSection
EndGlobal
