
Microsoft Visual Studio Solution File, Format Version 12.00
# Visual Studio 15
VisualStudioVersion = 15.0.28307.329
MinimumVisualStudioVersion = 10.0.40219.1
Project("{FAE04EC0-301F-11D3-BF4B-00C04F79EFBC}") = "1.3.ANOTHER TRIANGLE", "1.3.ANOTHER TRIANGLE\1.3.ANOTHER TRIANGLE.csproj", "{DA180252-9A5E-4C20-AA50-89FA0C4785D2}"
EndProject
Global
	GlobalSection(SolutionConfigurationPlatforms) = preSolution
		Debug|Any CPU = Debug|Any CPU
		Release|Any CPU = Release|Any CPU
	EndGlobalSection
	GlobalSection(ProjectConfigurationPlatforms) = postSolution
		{DA180252-9A5E-4C20-AA50-89FA0C4785D2}.Debug|Any CPU.ActiveCfg = Debug|Any CPU
		{DA180252-9A5E-4C20-AA50-89FA0C4785D2}.Debug|Any CPU.Build.0 = Debug|Any CPU
		{DA180252-9A5E-4C20-AA50-89FA0C4785D2}.Release|Any CPU.ActiveCfg = Release|Any CPU
		{DA180252-9A5E-4C20-AA50-89FA0C4785D2}.Release|Any CPU.Build.0 = Release|Any CPU
	EndGlobalSection
	GlobalSection(SolutionProperties) = preSolution
		HideSolutionNode = FALSE
	EndGlobalSection
	GlobalSection(ExtensibilityGlobals) = postSolution
		SolutionGuid = {250774E6-3DF2-4B52-84F8-9CC1F1CE1BF4}
	EndGlobalSection
EndGlobal
